
Microsoft Visual Studio Solution File, Format Version 12.00
# Visual Studio 2012
Project("{8BC9CEB8-8B4A-11D0-8D11-00A0C91BC942}") = "MFCActiveXControl5", "MFCActiveXControl5\MFCActiveXControl5.vcxproj", "{04129AA7-5153-4E7E-81F4-221D7F42511D}"
EndProject
Project("{6141683F-8A12-4E36-9623-2EB02B2C2303}") = "Setup1", "Setup1\Setup1.isproj", "{4EF54693-4BF0-481E-96B9-756A690E0941}"
EndProject
Global
	GlobalSection(SolutionConfigurationPlatforms) = preSolution
		CD_ROM|Win32 = CD_ROM|Win32
		Debug|Win32 = Debug|Win32
		DVD-5|Win32 = DVD-5|Win32
		Release|Win32 = Release|Win32
		SingleImage|Win32 = SingleImage|Win32
	EndGlobalSection
	GlobalSection(ProjectConfigurationPlatforms) = postSolution
		{04129AA7-5153-4E7E-81F4-221D7F42511D}.CD_ROM|Win32.ActiveCfg = Release|Win32
		{04129AA7-5153-4E7E-81F4-221D7F42511D}.CD_ROM|Win32.Build.0 = Release|Win32
		{04129AA7-5153-4E7E-81F4-221D7F42511D}.Debug|Win32.ActiveCfg = Debug|Win32
		{04129AA7-5153-4E7E-81F4-221D7F42511D}.Debug|Win32.Build.0 = Debug|Win32
		{04129AA7-5153-4E7E-81F4-221D7F42511D}.DVD-5|Win32.ActiveCfg = Debug|Win32
		{04129AA7-5153-4E7E-81F4-221D7F42511D}.DVD-5|Win32.Build.0 = Debug|Win32
		{04129AA7-5153-4E7E-81F4-221D7F42511D}.Release|Win32.ActiveCfg = Release|Win32
		{04129AA7-5153-4E7E-81F4-221D7F42511D}.Release|Win32.Build.0 = Release|Win32
		{04129AA7-5153-4E7E-81F4-221D7F42511D}.SingleImage|Win32.ActiveCfg = Release|Win32
		{04129AA7-5153-4E7E-81F4-221D7F42511D}.SingleImage|Win32.Build.0 = Release|Win32
		{4EF54693-4BF0-481E-96B9-756A690E0941}.CD_ROM|Win32.ActiveCfg = CD_ROM
		{4EF54693-4BF0-481E-96B9-756A690E0941}.CD_ROM|Win32.Build.0 = CD_ROM
		{4EF54693-4BF0-481E-96B9-756A690E0941}.Debug|Win32.ActiveCfg = DVD-5
		{4EF54693-4BF0-481E-96B9-756A690E0941}.Debug|Win32.Build.0 = DVD-5
		{4EF54693-4BF0-481E-96B9-756A690E0941}.DVD-5|Win32.ActiveCfg = DVD-5
		{4EF54693-4BF0-481E-96B9-756A690E0941}.DVD-5|Win32.Build.0 = DVD-5
		{4EF54693-4BF0-481E-96B9-756A690E0941}.Release|Win32.ActiveCfg = SingleImage
		{4EF54693-4BF0-481E-96B9-756A690E0941}.Release|Win32.Build.0 = SingleImage
		{4EF54693-4BF0-481E-96B9-756A690E0941}.SingleImage|Win32.ActiveCfg = SingleImage
		{4EF54693-4BF0-481E-96B9-756A690E0941}.SingleImage|Win32.Build.0 = SingleImage
	EndGlobalSection
	GlobalSection(SolutionProperties) = preSolution
		HideSolutionNode = FALSE
	EndGlobalSection
EndGlobal
